
Microsoft Visual Studio Solution File, Format Version 12.00
# Visual Studio Version 17
VisualStudioVersion = 17.3.32929.385
MinimumVisualStudioVersion = 10.0.40219.1
Project("{FAE04EC0-301F-11D3-BF4B-00C04F79EFBC}") = "Thank", "Thank\Thank.csproj", "{81986156-3F75-477F-934F-55B081994564}"
EndProject
Global
	GlobalSection(SolutionConfigurationPlatforms) = preSolution
		Debug|Any CPU = Debug|Any CPU
		Release|Any CPU = Release|Any CPU
	EndGlobalSection
	GlobalSection(ProjectConfigurationPlatforms) = postSolution
		{81986156-3F75-477F-934F-55B081994564}.Debug|Any CPU.ActiveCfg = Debug|Any CPU
		{81986156-3F75-477F-934F-55B081994564}.Debug|Any CPU.Build.0 = Debug|Any CPU
		{81986156-3F75-477F-934F-55B081994564}.Release|Any CPU.ActiveCfg = Release|Any CPU
		{81986156-3F75-477F-934F-55B081994564}.Release|Any CPU.Build.0 = Release|Any CPU
	EndGlobalSection
	GlobalSection(SolutionProperties) = preSolution
		HideSolutionNode = FALSE
	EndGlobalSection
	GlobalSection(ExtensibilityGlobals) = postSolution
		SolutionGuid = {310E9F03-D1AA-4DD5-B5A7-7C557260744F}
	EndGlobalSection
EndGlobal
